
Microsoft Visual Studio Solution File, Format Version 12.00
# Visual Studio 2013
VisualStudioVersion = 12.0.40629.0
MinimumVisualStudioVersion = 10.0.40219.1
Project("{FAE04EC0-301F-11D3-BF4B-00C04F79EFBC}") = "zsola_oop", "zsola_oop\zsola_oop.csproj", "{35630297-5AE3-43C2-9585-E59FA0FDD099}"
EndProject
Global
	GlobalSection(SolutionConfigurationPlatforms) = preSolution
		Debug|Any CPU = Debug|Any CPU
		Release|Any CPU = Release|Any CPU
	EndGlobalSection
	GlobalSection(ProjectConfigurationPlatforms) = postSolution
		{35630297-5AE3-43C2-9585-E59FA0FDD099}.Debug|Any CPU.ActiveCfg = Debug|Any CPU
		{35630297-5AE3-43C2-9585-E59FA0FDD099}.Debug|Any CPU.Build.0 = Debug|Any CPU
		{35630297-5AE3-43C2-9585-E59FA0FDD099}.Release|Any CPU.ActiveCfg = Release|Any CPU
		{35630297-5AE3-43C2-9585-E59FA0FDD099}.Release|Any CPU.Build.0 = Release|Any CPU
	EndGlobalSection
	GlobalSection(SolutionProperties) = preSolution
		HideSolutionNode = FALSE
	EndGlobalSection
EndGlobal
